
Microsoft Visual Studio Solution File, Format Version 12.00
# Visual Studio Version 17
VisualStudioVersion = 17.2.32630.192
MinimumVisualStudioVersion = 10.0.40219.1
Project("{FAE04EC0-301F-11D3-BF4B-00C04F79EFBC}") = "Departments", "Departments\Departments.csproj", "{669CB1C7-19A1-4B07-9E97-87AF33D2CCFF}"
EndProject
Global
	GlobalSection(SolutionConfigurationPlatforms) = preSolution
		Debug|Any CPU = Debug|Any CPU
		Release|Any CPU = Release|Any CPU
	EndGlobalSection
	GlobalSection(ProjectConfigurationPlatforms) = postSolution
		{669CB1C7-19A1-4B07-9E97-87AF33D2CCFF}.Debug|Any CPU.ActiveCfg = Debug|Any CPU
		{669CB1C7-19A1-4B07-9E97-87AF33D2CCFF}.Debug|Any CPU.Build.0 = Debug|Any CPU
		{669CB1C7-19A1-4B07-9E97-87AF33D2CCFF}.Release|Any CPU.ActiveCfg = Release|Any CPU
		{669CB1C7-19A1-4B07-9E97-87AF33D2CCFF}.Release|Any CPU.Build.0 = Release|Any CPU
	EndGlobalSection
	GlobalSection(SolutionProperties) = preSolution
		HideSolutionNode = FALSE
	EndGlobalSection
	GlobalSection(ExtensibilityGlobals) = postSolution
		SolutionGuid = {FA5F0CE1-F9FB-447C-8F10-14A358231152}
	EndGlobalSection
EndGlobal
